
Microsoft Visual Studio Solution File, Format Version 12.00
# Visual Studio Version 17
VisualStudioVersion = 17.14.37216.2 d17.14
MinimumVisualStudioVersion = 10.0.40219.1
Project("{FAE04EC0-301F-11D3-BF4B-00C04F79EFBC}") = "UartComManager", "UartComManager\UartComManager.csproj", "{B38A4625-9723-4208-A86A-C77A8DC4EA95}"
EndProject
Global
	GlobalSection(SolutionConfigurationPlatforms) = preSolution
		Debug|Any CPU = Debug|Any CPU
		Release|Any CPU = Release|Any CPU
	EndGlobalSection
	GlobalSection(ProjectConfigurationPlatforms) = postSolution
		{B38A4625-9723-4208-A86A-C77A8DC4EA95}.Debug|Any CPU.ActiveCfg = Debug|Any CPU
		{B38A4625-9723-4208-A86A-C77A8DC4EA95}.Debug|Any CPU.Build.0 = Debug|Any CPU
		{B38A4625-9723-4208-A86A-C77A8DC4EA95}.Release|Any CPU.ActiveCfg = Release|Any CPU
		{B38A4625-9723-4208-A86A-C77A8DC4EA95}.Release|Any CPU.Build.0 = Release|Any CPU
	EndGlobalSection
	GlobalSection(SolutionProperties) = preSolution
		HideSolutionNode = FALSE
	EndGlobalSection
	GlobalSection(ExtensibilityGlobals) = postSolution
		SolutionGuid = {65B73924-ACC2-460C-A0FC-04682B6693DE}
	EndGlobalSection
EndGlobal
